
Microsoft Visual Studio Solution File, Format Version 12.00
# Visual Studio Version 17
VisualStudioVersion = 17.8.34525.116
MinimumVisualStudioVersion = 10.0.40219.1
Project("{FAE04EC0-301F-11D3-BF4B-00C04F79EFBC}") = "ConsoleUI", "ConsoleUI\ConsoleUI.csproj", "{019F5D02-0BDD-4AB4-A9A7-FF115C362862}"
EndProject
Project("{FAE04EC0-301F-11D3-BF4B-00C04F79EFBC}") = "DemoLibrary", "DemoLibrary\DemoLibrary.csproj", "{B429083B-DE85-4337-A426-6B8D75160747}"
EndProject
Global
	GlobalSection(SolutionConfigurationPlatforms) = preSolution
		Debug|Any CPU = Debug|Any CPU
		Release|Any CPU = Release|Any CPU
	EndGlobalSection
	GlobalSection(ProjectConfigurationPlatforms) = postSolution
		{019F5D02-0BDD-4AB4-A9A7-FF115C362862}.Debug|Any CPU.ActiveCfg = Debug|Any CPU
		{019F5D02-0BDD-4AB4-A9A7-FF115C362862}.Debug|Any CPU.Build.0 = Debug|Any CPU
		{019F5D02-0BDD-4AB4-A9A7-FF115C362862}.Release|Any CPU.ActiveCfg = Release|Any CPU
		{019F5D02-0BDD-4AB4-A9A7-FF115C362862}.Release|Any CPU.Build.0 = Release|Any CPU
		{B429083B-DE85-4337-A426-6B8D75160747}.Debug|Any CPU.ActiveCfg = Debug|Any CPU
		{B429083B-DE85-4337-A426-6B8D75160747}.Debug|Any CPU.Build.0 = Debug|Any CPU
		{B429083B-DE85-4337-A426-6B8D75160747}.Release|Any CPU.ActiveCfg = Release|Any CPU
		{B429083B-DE85-4337-A426-6B8D75160747}.Release|Any CPU.Build.0 = Release|Any CPU
	EndGlobalSection
	GlobalSection(SolutionProperties) = preSolution
		HideSolutionNode = FALSE
	EndGlobalSection
	GlobalSection(ExtensibilityGlobals) = postSolution
		SolutionGuid = {35DFE2DD-A544-4286-B87E-D407C0A6DFF8}
	EndGlobalSection
EndGlobal
